
Microsoft Visual Studio Solution File, Format Version 12.00
# Visual Studio Version 16
VisualStudioVersion = 16.0.35130.168
MinimumVisualStudioVersion = 10.0.40219.1
Project("{8BC9CEB8-8B4A-11D0-8D11-00A0C91BC942}") = "PLC_TEST", "PLC_TEST.vcxproj", "{0A05D63D-9908-44D6-9642-9620462C5AF9}"
EndProject
Global
	GlobalSection(SolutionConfigurationPlatforms) = preSolution
		Debug|x64 = Debug|x64
		Release|x64 = Release|x64
	EndGlobalSection
	GlobalSection(ProjectConfigurationPlatforms) = postSolution
		{0A05D63D-9908-44D6-9642-9620462C5AF9}.Debug|x64.ActiveCfg = Debug|x64
		{0A05D63D-9908-44D6-9642-9620462C5AF9}.Debug|x64.Build.0 = Debug|x64
		{0A05D63D-9908-44D6-9642-9620462C5AF9}.Release|x64.ActiveCfg = Release|x64
		{0A05D63D-9908-44D6-9642-9620462C5AF9}.Release|x64.Build.0 = Release|x64
	EndGlobalSection
	GlobalSection(SolutionProperties) = preSolution
		HideSolutionNode = FALSE
	EndGlobalSection
	GlobalSection(ExtensibilityGlobals) = postSolution
		SolutionGuid = {069D92DD-8263-4CD5-9579-1FA2D71CAE46}
	EndGlobalSection
EndGlobal
